{
  "object": {
    "pins": [
      {
        "package": "CwlCatchException",
        "repositoryURL": "https://github.com/mattgallagher/CwlCatchException.git",
        "state": {
          "branch": null,
          "revision": "f809deb30dc5c9d9b78c872e553261a61177721a",
          "version": "2.0.0-beta.1"
        }
      },
      {
        "package": "CwlPreconditionTesting",
        "repositoryURL": "https://github.com/mattgallagher/CwlPreconditionTesting.git",
        "state": {
          "branch": null,
          "revision": "ea422878db4e680069af320ac444183628360ab1",
          "version": "2.0.0-beta.1"
        }
      },
      {
        "package": "Log",
        "repositoryURL": "https://github.com/bretsko/Logger",
        "state": {
          "branch": null,
          "revision": "5fc217d492a38c004d7658cb02e96892bd2fba84",
          "version": "1.0.0"
        }
      },
      {
        "package": "Nimble",
        "repositoryURL": "https://github.com/bretsko/Nimble",
        "state": {
          "branch": null,
          "revision": "a8157f3fc5c3d8861f638db9a24ebde918fa59a5",
          "version": "8.0.5"
        }
      },
      {
        "package": "Quick",
        "repositoryURL": "https://github.com/bretsko/Quick",
        "state": {
          "branch": null,
          "revision": "bf28e08013957f6b28b607b028a3417066a79d2c",
          "version": "2.2.1"
        }
      },
      {
        "package": "Rainbow",
        "repositoryURL": "https://github.com/onevcat/Rainbow",
        "state": {
          "branch": null,
          "revision": "9c52c1952e9b2305d4507cf473392ac2d7c9b155",
          "version": "3.1.5"
        }
      }
    ]
  },
  "version": 1
}
